
Microsoft Visual Studio Solution File, Format Version 12.00
# Visual Studio Version 16
VisualStudioVersion = 16.0.33423.256
MinimumVisualStudioVersion = 10.0.40219.1
Project("{FAE04EC0-301F-11D3-BF4B-00C04F79EFBC}") = "Task1", "Task1.csproj", "{3D2F2964-B9FE-4F50-9962-F0872DA4E9FD}"
EndProject
Global
	GlobalSection(SolutionConfigurationPlatforms) = preSolution
		Debug|Any CPU = Debug|Any CPU
		Release|Any CPU = Release|Any CPU
	EndGlobalSection
	GlobalSection(ProjectConfigurationPlatforms) = postSolution
		{3D2F2964-B9FE-4F50-9962-F0872DA4E9FD}.Debug|Any CPU.ActiveCfg = Debug|Any CPU
		{3D2F2964-B9FE-4F50-9962-F0872DA4E9FD}.Debug|Any CPU.Build.0 = Debug|Any CPU
		{3D2F2964-B9FE-4F50-9962-F0872DA4E9FD}.Release|Any CPU.ActiveCfg = Release|Any CPU
		{3D2F2964-B9FE-4F50-9962-F0872DA4E9FD}.Release|Any CPU.Build.0 = Release|Any CPU
	EndGlobalSection
	GlobalSection(SolutionProperties) = preSolution
		HideSolutionNode = FALSE
	EndGlobalSection
	GlobalSection(ExtensibilityGlobals) = postSolution
		SolutionGuid = {059F1932-4FA2-4D49-8921-DE35FB8BCB8E}
	EndGlobalSection
EndGlobal
